
Microsoft Visual Studio Solution File, Format Version 12.00
# Visual Studio Version 17
VisualStudioVersion = 17.0.32002.185
MinimumVisualStudioVersion = 10.0.40219.1
Project("{9092AA53-FB77-4645-B42D-1CCCA6BD08BD}") = "Node-Express API", "Node-Express API.njsproj", "{3B966EEA-B33B-4DF4-A783-20C3E7365060}"
EndProject
Global
	GlobalSection(SolutionConfigurationPlatforms) = preSolution
		Debug|Any CPU = Debug|Any CPU
		Release|Any CPU = Release|Any CPU
	EndGlobalSection
	GlobalSection(ProjectConfigurationPlatforms) = postSolution
		{3B966EEA-B33B-4DF4-A783-20C3E7365060}.Debug|Any CPU.ActiveCfg = Debug|Any CPU
		{3B966EEA-B33B-4DF4-A783-20C3E7365060}.Debug|Any CPU.Build.0 = Debug|Any CPU
		{3B966EEA-B33B-4DF4-A783-20C3E7365060}.Release|Any CPU.ActiveCfg = Release|Any CPU
		{3B966EEA-B33B-4DF4-A783-20C3E7365060}.Release|Any CPU.Build.0 = Release|Any CPU
	EndGlobalSection
	GlobalSection(SolutionProperties) = preSolution
		HideSolutionNode = FALSE
	EndGlobalSection
	GlobalSection(ExtensibilityGlobals) = postSolution
		SolutionGuid = {427C6BB7-8C62-4FEE-BD5A-7432E71AAA8B}
	EndGlobalSection
EndGlobal
